lockfileVersion: '9.0'

settings:
  autoInstallPeers: true
  excludeLinksFromLockfile: false

importers:

  .:
    devDependencies:
      '@octokit/rest':
        specifier: ^21.0.2
        version: 21.0.2
      '@type-challenges/utils':
        specifier: ^0.1.1
        version: 0.1.1
      '@types/node':
        specifier: ^22.10.5
        version: 22.10.5
      dotenv:
        specifier: ^16.4.7
        version: 16.4.7
      jiti:
        specifier: ^2.4.2
        version: 2.4.2
      typescript:
        specifier: ^5.7.2
        version: 5.7.2

packages:

  '@octokit/auth-token@5.1.1':
    resolution: {integrity: sha512-rh3G3wDO8J9wSjfI436JUKzHIxq8NaiL0tVeB2aXmG6p/9859aUOAjA9pmSPNGGZxfwmaJ9ozOJImuNVJdpvbA==}
    engines: {node: '>= 18'}

  '@octokit/core@6.1.2':
    resolution: {integrity: sha512-hEb7Ma4cGJGEUNOAVmyfdB/3WirWMg5hDuNFVejGEDFqupeOysLc2sG6HJxY2etBp5YQu5Wtxwi020jS9xlUwg==}
    engines: {node: '>= 18'}

  '@octokit/endpoint@10.1.1':
    resolution: {integrity: sha512-JYjh5rMOwXMJyUpj028cu0Gbp7qe/ihxfJMLc8VZBMMqSwLgOxDI1911gV4Enl1QSavAQNJcwmwBF9M0VvLh6Q==}
    engines: {node: '>= 18'}

  '@octokit/graphql@8.1.1':
    resolution: {integrity: sha512-ukiRmuHTi6ebQx/HFRCXKbDlOh/7xEV6QUXaE7MJEKGNAncGI/STSbOkl12qVXZrfZdpXctx5O9X1AIaebiDBg==}
    engines: {node: '>= 18'}

  '@octokit/openapi-types@22.2.0':
    resolution: {integrity: sha512-QBhVjcUa9W7Wwhm6DBFu6ZZ+1/t/oYxqc2tp81Pi41YNuJinbFRx8B133qVOrAaBbF7D/m0Et6f9/pZt9Rc+tg==}

  '@octokit/plugin-paginate-rest@11.3.1':
    resolution: {integrity: sha512-ryqobs26cLtM1kQxqeZui4v8FeznirUsksiA+RYemMPJ7Micju0WSkv50dBksTuZks9O5cg4wp+t8fZ/cLY56g==}
    engines: {node: '>= 18'}
    peerDependencies:
      '@octokit/core': '5'

  '@octokit/plugin-request-log@5.3.1':
    resolution: {integrity: sha512-n/lNeCtq+9ofhC15xzmJCNKP2BWTv8Ih2TTy+jatNCCq/gQP/V7rK3fjIfuz0pDWDALO/o/4QY4hyOF6TQQFUw==}
    engines: {node: '>= 18'}
    peerDependencies:
      '@octokit/core': '>=6'

  '@octokit/plugin-rest-endpoint-methods@13.2.2':
    resolution: {integrity: sha512-EI7kXWidkt3Xlok5uN43suK99VWqc8OaIMktY9d9+RNKl69juoTyxmLoWPIZgJYzi41qj/9zU7G/ljnNOJ5AFA==}
    engines: {node: '>= 18'}
    peerDependencies:
      '@octokit/core': ^5

  '@octokit/request-error@6.1.1':
    resolution: {integrity: sha512-1mw1gqT3fR/WFvnoVpY/zUM2o/XkMs/2AszUUG9I69xn0JFLv6PGkPhNk5lbfvROs79wiS0bqiJNxfCZcRJJdg==}
    engines: {node: '>= 18'}

  '@octokit/request@9.1.1':
    resolution: {integrity: sha512-pyAguc0p+f+GbQho0uNetNQMmLG1e80WjkIaqqgUkihqUp0boRU6nKItXO4VWnr+nbZiLGEyy4TeKRwqaLvYgw==}
    engines: {node: '>= 18'}

  '@octokit/rest@21.0.2':
    resolution: {integrity: sha512-+CiLisCoyWmYicH25y1cDfCrv41kRSvTq6pPWtRroRJzhsCZWZyCqGyI8foJT5LmScADSwRAnr/xo+eewL04wQ==}
    engines: {node: '>= 18'}

  '@octokit/types@13.5.0':
    resolution: {integrity: sha512-HdqWTf5Z3qwDVlzCrP8UJquMwunpDiMPt5er+QjGzL4hqr/vBVY/MauQgS1xWxCDT1oMx1EULyqxncdCY/NVSQ==}

  '@type-challenges/utils@0.1.1':
    resolution: {integrity: sha512-A7ljYfBM+FLw+NDyuYvGBJiCEV9c0lPWEAdzfOAkb3JFqfLl0Iv/WhWMMARHiRKlmmiD1g8gz/507yVvHdQUYA==}

  '@types/node@22.10.5':
    resolution: {integrity: sha512-F8Q+SeGimwOo86fiovQh8qiXfFEh2/ocYv7tU5pJ3EXMSSxk1Joj5wefpFK2fHTf/N6HKGSxIDBT9f3gCxXPkQ==}

  before-after-hook@3.0.2:
    resolution: {integrity: sha512-Nik3Sc0ncrMK4UUdXQmAnRtzmNQTAAXmXIopizwZ1W1t8QmfJj+zL4OA2I7XPTPW5z5TDqv4hRo/JzouDJnX3A==}

  dotenv@16.4.7:
    resolution: {integrity: sha512-47qPchRCykZC03FhkYAhrvwU4xDBFIj1QPqaarj6mdM/hgUzfPHcpkHJOn3mJAufFeeAxAzeGsr5X0M4k6fLZQ==}
    engines: {node: '>=12'}

  jiti@2.4.2:
    resolution: {integrity: sha512-rg9zJN+G4n2nfJl5MW3BMygZX56zKPNVEYYqq7adpmMh4Jn2QNEwhvQlFy6jPVdcod7txZtKHWnyZiA3a0zP7A==}
    hasBin: true

  typescript@5.7.2:
    resolution: {integrity: sha512-i5t66RHxDvVN40HfDd1PsEThGNnlMCMT3jMUuoh9/0TaqWevNontacunWyN02LA9/fIbEWlcHZcgTKb9QoaLfg==}
    engines: {node: '>=14.17'}
    hasBin: true

  undici-types@6.20.0:
    resolution: {integrity: sha512-Ny6QZ2Nju20vw1SRHe3d9jVu6gJ+4e3+MMpqu7pqE5HT6WsTSlce++GQmK5UXS8mzV8DSYHrQH+Xrf2jVcuKNg==}

  universal-user-agent@7.0.2:
    resolution: {integrity: sha512-0JCqzSKnStlRRQfCdowvqy3cy0Dvtlb8xecj/H8JFZuCze4rwjPZQOgvFvn0Ws/usCHQFGpyr+pB9adaGwXn4Q==}

snapshots:

  '@octokit/auth-token@5.1.1': {}

  '@octokit/core@6.1.2':
    dependencies:
      '@octokit/auth-token': 5.1.1
      '@octokit/graphql': 8.1.1
      '@octokit/request': 9.1.1
      '@octokit/request-error': 6.1.1
      '@octokit/types': 13.5.0
      before-after-hook: 3.0.2
      universal-user-agent: 7.0.2

  '@octokit/endpoint@10.1.1':
    dependencies:
      '@octokit/types': 13.5.0
      universal-user-agent: 7.0.2

  '@octokit/graphql@8.1.1':
    dependencies:
      '@octokit/request': 9.1.1
      '@octokit/types': 13.5.0
      universal-user-agent: 7.0.2

  '@octokit/openapi-types@22.2.0': {}

  '@octokit/plugin-paginate-rest@11.3.1(@octokit/core@6.1.2)':
    dependencies:
      '@octokit/core': 6.1.2
      '@octokit/types': 13.5.0

  '@octokit/plugin-request-log@5.3.1(@octokit/core@6.1.2)':
    dependencies:
      '@octokit/core': 6.1.2

  '@octokit/plugin-rest-endpoint-methods@13.2.2(@octokit/core@6.1.2)':
    dependencies:
      '@octokit/core': 6.1.2
      '@octokit/types': 13.5.0

  '@octokit/request-error@6.1.1':
    dependencies:
      '@octokit/types': 13.5.0

  '@octokit/request@9.1.1':
    dependencies:
      '@octokit/endpoint': 10.1.1
      '@octokit/request-error': 6.1.1
      '@octokit/types': 13.5.0
      universal-user-agent: 7.0.2

  '@octokit/rest@21.0.2':
    dependencies:
      '@octokit/core': 6.1.2
      '@octokit/plugin-paginate-rest': 11.3.1(@octokit/core@6.1.2)
      '@octokit/plugin-request-log': 5.3.1(@octokit/core@6.1.2)
      '@octokit/plugin-rest-endpoint-methods': 13.2.2(@octokit/core@6.1.2)

  '@octokit/types@13.5.0':
    dependencies:
      '@octokit/openapi-types': 22.2.0

  '@type-challenges/utils@0.1.1': {}

  '@types/node@22.10.5':
    dependencies:
      undici-types: 6.20.0

  before-after-hook@3.0.2: {}

  dotenv@16.4.7: {}

  jiti@2.4.2: {}

  typescript@5.7.2: {}

  undici-types@6.20.0: {}

  universal-user-agent@7.0.2: {}
